
Microsoft Visual Studio Solution File, Format Version 12.00
# Visual Studio Version 17
VisualStudioVersion = 17.9.34526.213
MinimumVisualStudioVersion = 10.0.40219.1
Project("{FAE04EC0-301F-11D3-BF4B-00C04F79EFBC}") = "Poo2", "Poo2.csproj", "{F4D0B470-2FC4-45EE-AE7A-745DA383E743}"
EndProject
Global
	GlobalSection(SolutionConfigurationPlatforms) = preSolution
		Debug|Any CPU = Debug|Any CPU
		Release|Any CPU = Release|Any CPU
	EndGlobalSection
	GlobalSection(ProjectConfigurationPlatforms) = postSolution
		{F4D0B470-2FC4-45EE-AE7A-745DA383E743}.Debug|Any CPU.ActiveCfg = Debug|Any CPU
		{F4D0B470-2FC4-45EE-AE7A-745DA383E743}.Debug|Any CPU.Build.0 = Debug|Any CPU
		{F4D0B470-2FC4-45EE-AE7A-745DA383E743}.Release|Any CPU.ActiveCfg = Release|Any CPU
		{F4D0B470-2FC4-45EE-AE7A-745DA383E743}.Release|Any CPU.Build.0 = Release|Any CPU
	EndGlobalSection
	GlobalSection(SolutionProperties) = preSolution
		HideSolutionNode = FALSE
	EndGlobalSection
	GlobalSection(ExtensibilityGlobals) = postSolution
		SolutionGuid = {8C991138-6675-4A1B-BC81-1537A47DDC3B}
	EndGlobalSection
EndGlobal
